
Microsoft Visual Studio Solution File, Format Version 12.00
# Visual Studio Version 17
VisualStudioVersion = 17.0.31903.59
MinimumVisualStudioVersion = 10.0.40219.1
Project("{FAE04EC0-301F-11D3-BF4B-00C04F79EFBC}") = "KidsAtmApp", "KidsAtmApp\KidsAtmApp.csproj", "{3859A846-7635-4C7D-9A2F-B3277835AF0D}"
EndProject
Project("{FAE04EC0-301F-11D3-BF4B-00C04F79EFBC}") = "KidsAtmApp.Tests", "KidsAtmApp.Tests\KidsAtmApp.Tests.csproj", "{F99E4D9E-F53A-4AAC-A795-C043F3483FE9}"
EndProject
Global
	GlobalSection(SolutionConfigurationPlatforms) = preSolution
		Debug|Any CPU = Debug|Any CPU
		Release|Any CPU = Release|Any CPU
	EndGlobalSection
	GlobalSection(SolutionProperties) = preSolution
		HideSolutionNode = FALSE
	EndGlobalSection
	GlobalSection(ProjectConfigurationPlatforms) = postSolution
		{3859A846-7635-4C7D-9A2F-B3277835AF0D}.Debug|Any CPU.ActiveCfg = Debug|Any CPU
		{3859A846-7635-4C7D-9A2F-B3277835AF0D}.Debug|Any CPU.Build.0 = Debug|Any CPU
		{3859A846-7635-4C7D-9A2F-B3277835AF0D}.Release|Any CPU.ActiveCfg = Release|Any CPU
		{3859A846-7635-4C7D-9A2F-B3277835AF0D}.Release|Any CPU.Build.0 = Release|Any CPU
		{F99E4D9E-F53A-4AAC-A795-C043F3483FE9}.Debug|Any CPU.ActiveCfg = Debug|Any CPU
		{F99E4D9E-F53A-4AAC-A795-C043F3483FE9}.Debug|Any CPU.Build.0 = Debug|Any CPU
		{F99E4D9E-F53A-4AAC-A795-C043F3483FE9}.Release|Any CPU.ActiveCfg = Release|Any CPU
		{F99E4D9E-F53A-4AAC-A795-C043F3483FE9}.Release|Any CPU.Build.0 = Release|Any CPU
	EndGlobalSection
EndGlobal
